lockfileVersion: '9.0'

settings:
  autoInstallPeers: true
  excludeLinksFromLockfile: false

importers:

  .:
    dependencies:
      '@tonejs/midi':
        specifier: ^2.0.28
        version: 2.0.28

packages:

  '@tonejs/midi@2.0.28':
    resolution: {integrity: sha512-RII6YpInPsOZ5t3Si/20QKpNqB1lZ2OCFJSOzJxz38YdY/3zqDr3uaml4JuCWkdixuPqP1/TBnXzhQ39csyoVg==}

  array-flatten@3.0.0:
    resolution: {integrity: sha512-zPMVc3ZYlGLNk4mpK1NzP2wg0ml9t7fUgDsayR5Y5rSzxQilzR9FGu/EH2jQOcKSAeAfWeylyW8juy3OkWRvNA==}

  midi-file@1.2.4:
    resolution: {integrity: sha512-B5SnBC6i2bwJIXTY9MElIydJwAmnKx+r5eJ1jknTLetzLflEl0GWveuBB6ACrQpecSRkOB6fhTx1PwXk2BVxnA==}

snapshots:

  '@tonejs/midi@2.0.28':
    dependencies:
      array-flatten: 3.0.0
      midi-file: 1.2.4

  array-flatten@3.0.0: {}

  midi-file@1.2.4: {}
